
Microsoft Visual Studio Solution File, Format Version 12.00
# Visual Studio Version 16
VisualStudioVersion = 16.0.30406.217
MinimumVisualStudioVersion = 10.0.40219.1
Project("{FAE04EC0-301F-11D3-BF4B-00C04F79EFBC}") = "GridPlugin", "GridPlugin\GridPlugin.csproj", "{2805C7C9-6254-424F-9A22-71A920956513}"
EndProject
Global
	GlobalSection(SolutionConfigurationPlatforms) = preSolution
		Debug|Any CPU = Debug|Any CPU
		Release|Any CPU = Release|Any CPU
	EndGlobalSection
	GlobalSection(ProjectConfigurationPlatforms) = postSolution
		{2805C7C9-6254-424F-9A22-71A920956513}.Debug|Any CPU.ActiveCfg = Debug|Any CPU
		{2805C7C9-6254-424F-9A22-71A920956513}.Debug|Any CPU.Build.0 = Debug|Any CPU
		{2805C7C9-6254-424F-9A22-71A920956513}.Release|Any CPU.ActiveCfg = Release|Any CPU
		{2805C7C9-6254-424F-9A22-71A920956513}.Release|Any CPU.Build.0 = Release|Any CPU
	EndGlobalSection
	GlobalSection(SolutionProperties) = preSolution
		HideSolutionNode = FALSE
	EndGlobalSection
	GlobalSection(ExtensibilityGlobals) = postSolution
		SolutionGuid = {01F02C0E-8D8C-4F20-8149-0AD2A34D61E8}
	EndGlobalSection
EndGlobal
